Microsoft Visual Studio Solution File, Format Version 12.00
# Visual Studio 2012
Project("{FAE04EC0-301F-11D3-BF4B-00C04F79EFBC}") = "DungeonGen", "DungeonGen.csproj", "{BBA68732-6058-4101-8B15-BF08D1DED6AF}"
EndProject
Global
	GlobalSection(SolutionConfigurationPlatforms) = preSolution
	Debug|Any CPU = Debug|Any CPU
	ExportDebug|Any CPU = ExportDebug|Any CPU
	ExportRelease|Any CPU = ExportRelease|Any CPU
	EndGlobalSection
	GlobalSection(ProjectConfigurationPlatforms) = postSolution
		{BBA68732-6058-4101-8B15-BF08D1DED6AF}.Debug|Any CPU.ActiveCfg = Debug|Any CPU
		{BBA68732-6058-4101-8B15-BF08D1DED6AF}.Debug|Any CPU.Build.0 = Debug|Any CPU
		{BBA68732-6058-4101-8B15-BF08D1DED6AF}.ExportDebug|Any CPU.ActiveCfg = ExportDebug|Any CPU
		{BBA68732-6058-4101-8B15-BF08D1DED6AF}.ExportDebug|Any CPU.Build.0 = ExportDebug|Any CPU
		{BBA68732-6058-4101-8B15-BF08D1DED6AF}.ExportRelease|Any CPU.ActiveCfg = ExportRelease|Any CPU
		{BBA68732-6058-4101-8B15-BF08D1DED6AF}.ExportRelease|Any CPU.Build.0 = ExportRelease|Any CPU
	EndGlobalSection
EndGlobal
