Microsoft Visual Studio Solution File, Format Version 12.00
# Visual Studio 2012
Project("{FAE04EC0-301F-11D3-BF4B-00C04F79EFBC}") = "DungeonGen", "DungeonGen.csproj", "{19D6F725-812C-463A-9718-FC01D6D2DBBE}"
EndProject
Global
	GlobalSection(SolutionConfigurationPlatforms) = preSolution
	Debug|Any CPU = Debug|Any CPU
	ExportDebug|Any CPU = ExportDebug|Any CPU
	ExportRelease|Any CPU = ExportRelease|Any CPU
	EndGlobalSection
	GlobalSection(ProjectConfigurationPlatforms) = postSolution
		{19D6F725-812C-463A-9718-FC01D6D2DBBE}.Debug|Any CPU.ActiveCfg = Debug|Any CPU
		{19D6F725-812C-463A-9718-FC01D6D2DBBE}.Debug|Any CPU.Build.0 = Debug|Any CPU
		{19D6F725-812C-463A-9718-FC01D6D2DBBE}.ExportDebug|Any CPU.ActiveCfg = ExportDebug|Any CPU
		{19D6F725-812C-463A-9718-FC01D6D2DBBE}.ExportDebug|Any CPU.Build.0 = ExportDebug|Any CPU
		{19D6F725-812C-463A-9718-FC01D6D2DBBE}.ExportRelease|Any CPU.ActiveCfg = ExportRelease|Any CPU
		{19D6F725-812C-463A-9718-FC01D6D2DBBE}.ExportRelease|Any CPU.Build.0 = ExportRelease|Any CPU
	EndGlobalSection
EndGlobal
